
Microsoft Visual Studio Solution File, Format Version 12.00
# Visual Studio 14
VisualStudioVersion = 14.0.25420.1
MinimumVisualStudioVersion = 10.0.40219.1
Project("{FAE04EC0-301F-11D3-BF4B-00C04F79EFBC}") = "AzureBeyondBasics", "AzureBeyondBasics\AzureBeyondBasics.csproj", "{2112FD1F-1E84-426E-A3F5-3D515A5EA410}"
EndProject
Project("{FAE04EC0-301F-11D3-BF4B-00C04F79EFBC}") = "WebJobProcessCustomer", "WebJobProcessCustomer\WebJobProcessCustomer.csproj", "{8740C922-2A6C-48BC-9AE9-57EAAADA69E8}"
EndProject
Global
	GlobalSection(SolutionConfigurationPlatforms) = preSolution
		Debug|Any CPU = Debug|Any CPU
		Release|Any CPU = Release|Any CPU
	EndGlobalSection
	GlobalSection(ProjectConfigurationPlatforms) = postSolution
		{2112FD1F-1E84-426E-A3F5-3D515A5EA410}.Debug|Any CPU.ActiveCfg = Debug|Any CPU
		{2112FD1F-1E84-426E-A3F5-3D515A5EA410}.Debug|Any CPU.Build.0 = Debug|Any CPU
		{2112FD1F-1E84-426E-A3F5-3D515A5EA410}.Release|Any CPU.ActiveCfg = Release|Any CPU
		{2112FD1F-1E84-426E-A3F5-3D515A5EA410}.Release|Any CPU.Build.0 = Release|Any CPU
		{8740C922-2A6C-48BC-9AE9-57EAAADA69E8}.Debug|Any CPU.ActiveCfg = Debug|Any CPU
		{8740C922-2A6C-48BC-9AE9-57EAAADA69E8}.Debug|Any CPU.Build.0 = Debug|Any CPU
		{8740C922-2A6C-48BC-9AE9-57EAAADA69E8}.Release|Any CPU.ActiveCfg = Release|Any CPU
		{8740C922-2A6C-48BC-9AE9-57EAAADA69E8}.Release|Any CPU.Build.0 = Release|Any CPU
	EndGlobalSection
	GlobalSection(SolutionProperties) = preSolution
		HideSolutionNode = FALSE
	EndGlobalSection
EndGlobal
